
Microsoft Visual Studio Solution File, Format Version 12.00
# Visual Studio Version 17
VisualStudioVersion = 17.1.32407.343
MinimumVisualStudioVersion = 10.0.40219.1
Project("{9A19103F-16F7-4668-BE54-9A1E7A4F7556}") = "Builder", "Builder\Builder.csproj", "{03619E50-91AF-49BE-8AC9-5F2D1BB41020}"
EndProject
Project("{9A19103F-16F7-4668-BE54-9A1E7A4F7556}") = "Builder.InheritanceWithRecursive", "Builder.InheritanceWithRecursive\Builder.InheritanceWithRecursive.csproj", "{578CD92C-0949-4883-A364-A1D5485EF983}"
EndProject
Project("{9A19103F-16F7-4668-BE54-9A1E7A4F7556}") = "Builder.Stepwise", "Builder.Stepwise\Builder.Stepwise.csproj", "{8FC3D3C1-0A46-4DAF-8A07-FAF49E0EF123}"
EndProject
Project("{9A19103F-16F7-4668-BE54-9A1E7A4F7556}") = "Builder.Functional", "Builder.Functional\Builder.Functional.csproj", "{7FF781D9-0317-48AC-B56C-7D20A3F7C00D}"
EndProject
Project("{9A19103F-16F7-4668-BE54-9A1E7A4F7556}") = "Builders.Facets", "Builders.Facets\Builders.Facets.csproj", "{FA24CD18-7BCF-43EB-83EA-C93D99D1B1F1}"
EndProject
Project("{9A19103F-16F7-4668-BE54-9A1E7A4F7556}") = "Builder.SampleCodeBuilder", "Builder.SampleCodeBuilder\Builder.SampleCodeBuilder.csproj", "{F419398B-D61E-4973-9267-8F3ED61AF962}"
EndProject
Project("{9A19103F-16F7-4668-BE54-9A1E7A4F7556}") = "Builder.SampleCodeBuilder.UnitTests", "Builder.SampleCodeBuilder.UnitTests\Builder.SampleCodeBuilder.UnitTests.csproj", "{3433AA74-AA1C-486B-9F2A-486F32F42B9F}"
EndProject
Project("{2150E333-8FDC-42A3-9474-1A3956D46DE8}") = "Builders", "Builders", "{E2CCA88F-FE1A-4E00-986D-DD3DDD78E55D}"
EndProject
Project("{2150E333-8FDC-42A3-9474-1A3956D46DE8}") = "Factories", "Factories", "{EA372452-3E11-46A1-B0AA-FDFD268E4A12}"
EndProject
Project("{9A19103F-16F7-4668-BE54-9A1E7A4F7556}") = "Factory", "Factory\Factory.csproj", "{462FBD0B-D465-4DA7-9F15-AC8380F53391}"
EndProject
Project("{9A19103F-16F7-4668-BE54-9A1E7A4F7556}") = "Factory.BulkReplacement", "Factory.BulkReplacement\Factory.BulkReplacement.csproj", "{1E5781D6-484C-4C20-911B-0E575378920B}"
EndProject
Project("{9A19103F-16F7-4668-BE54-9A1E7A4F7556}") = "Factory.Abstract", "Factory.Abstract\Factory.Abstract.csproj", "{3C93D951-9F2E-4200-B27F-CB640D7EF352}"
EndProject
Project("{2150E333-8FDC-42A3-9474-1A3956D46DE8}") = "Prototypes", "Prototypes", "{56A341E2-13F8-462E-8FC3-D2C66212291F}"
EndProject
Project("{9A19103F-16F7-4668-BE54-9A1E7A4F7556}") = "Prototype.ICloneableIsBad", "Prototype.ICloneableIsBad\Prototype.ICloneableIsBad.csproj", "{A7B6549B-3531-4ACE-9C55-447B691E1264}"
EndProject
Project("{9A19103F-16F7-4668-BE54-9A1E7A4F7556}") = "Prototype.CopyConstructors", "Prototype.CopyConstructors\Prototype.CopyConstructors.csproj", "{7C2C824B-13B4-472B-81A1-6ACB0D0E0590}"
EndProject
Project("{9A19103F-16F7-4668-BE54-9A1E7A4F7556}") = "Prototype.Inheritance", "Prototype.Inheritance\Prototype.Inheritance.csproj", "{7A1A5D0C-4487-4A28-B40B-7DE4994AECD8}"
EndProject
Project("{9A19103F-16F7-4668-BE54-9A1E7A4F7556}") = "Prototype.ThroughSerialization", "Prototype.ThroughSerialization\Prototype.ThroughSerialization.csproj", "{448EEC18-0C30-4C5E-97DD-133FD4E434E0}"
EndProject
Project("{2150E333-8FDC-42A3-9474-1A3956D46DE8}") = "Singletons", "Singletons", "{C8A5F521-307E-46E6-88B0-C5186B174464}"
EndProject
Project("{9A19103F-16F7-4668-BE54-9A1E7A4F7556}") = "Singleton", "Singleton\Singleton.csproj", "{86799A82-3103-4303-9003-E1CC48EBDEB4}"
EndProject
Project("{9A19103F-16F7-4668-BE54-9A1E7A4F7556}") = "Singleton.UnitTests", "Singleton.UnitTests\Singleton.UnitTests.csproj", "{8A29D755-8605-460C-B21C-B18BB9EF69A0}"
EndProject
Project("{9A19103F-16F7-4668-BE54-9A1E7A4F7556}") = "Singleton.AmbientStack", "Singleton.AmbientStack\Singleton.AmbientStack.csproj", "{807A6B5A-BA2C-4023-A9BC-3A4E4F744A3B}"
EndProject
Project("{2150E333-8FDC-42A3-9474-1A3956D46DE8}") = "Adapters", "Adapters", "{190C83DA-6467-4C7A-81C7-8AE9F6C7C1FB}"
EndProject
Project("{9A19103F-16F7-4668-BE54-9A1E7A4F7556}") = "Adapter.NoCaching", "Adapter.NoCaching\Adapter.NoCaching.csproj", "{BAF78746-3EE9-4EE3-A0F9-0E03058B2583}"
EndProject
Project("{9A19103F-16F7-4668-BE54-9A1E7A4F7556}") = "Adapter.WithCaching", "Adapter.WithCaching\Adapter.WithCaching.csproj", "{B5BA5599-1FF1-41AD-891B-93C9FAC5D31E}"
EndProject
Project("{9A19103F-16F7-4668-BE54-9A1E7A4F7556}") = "Adapter.Structural", "Adapter.Structural\Adapter.Structural.csproj", "{D66020B7-D5F7-4F63-8A09-C56FCAFCB18A}"
EndProject
Project("{9A19103F-16F7-4668-BE54-9A1E7A4F7556}") = "Adapter.DependencyInjection", "Adapter.DependencyInjection\Adapter.DependencyInjection.csproj", "{FA5C8B0E-83BE-47B0-9B03-07F11232320F}"
EndProject
Project("{2150E333-8FDC-42A3-9474-1A3956D46DE8}") = "Bridges", "Bridges", "{196032A6-9E62-4B46-9B9A-7B58D9DC2302}"
EndProject
Project("{FAE04EC0-301F-11D3-BF4B-00C04F79EFBC}") = "Bridge", "Bridge\Bridge.csproj", "{537545F8-4DB6-4926-8E6B-9686FFFBFA09}"
EndProject
Global
	GlobalSection(SolutionConfigurationPlatforms) = preSolution
		Debug|Any CPU = Debug|Any CPU
		Release|Any CPU = Release|Any CPU
	EndGlobalSection
	GlobalSection(ProjectConfigurationPlatforms) = postSolution
		{03619E50-91AF-49BE-8AC9-5F2D1BB41020}.Debug|Any CPU.ActiveCfg = Debug|Any CPU
		{03619E50-91AF-49BE-8AC9-5F2D1BB41020}.Debug|Any CPU.Build.0 = Debug|Any CPU
		{03619E50-91AF-49BE-8AC9-5F2D1BB41020}.Release|Any CPU.ActiveCfg = Release|Any CPU
		{03619E50-91AF-49BE-8AC9-5F2D1BB41020}.Release|Any CPU.Build.0 = Release|Any CPU
		{578CD92C-0949-4883-A364-A1D5485EF983}.Debug|Any CPU.ActiveCfg = Debug|Any CPU
		{578CD92C-0949-4883-A364-A1D5485EF983}.Debug|Any CPU.Build.0 = Debug|Any CPU
		{578CD92C-0949-4883-A364-A1D5485EF983}.Release|Any CPU.ActiveCfg = Release|Any CPU
		{578CD92C-0949-4883-A364-A1D5485EF983}.Release|Any CPU.Build.0 = Release|Any CPU
		{8FC3D3C1-0A46-4DAF-8A07-FAF49E0EF123}.Debug|Any CPU.ActiveCfg = Debug|Any CPU
		{8FC3D3C1-0A46-4DAF-8A07-FAF49E0EF123}.Debug|Any CPU.Build.0 = Debug|Any CPU
		{8FC3D3C1-0A46-4DAF-8A07-FAF49E0EF123}.Release|Any CPU.ActiveCfg = Release|Any CPU
		{8FC3D3C1-0A46-4DAF-8A07-FAF49E0EF123}.Release|Any CPU.Build.0 = Release|Any CPU
		{7FF781D9-0317-48AC-B56C-7D20A3F7C00D}.Debug|Any CPU.ActiveCfg = Debug|Any CPU
		{7FF781D9-0317-48AC-B56C-7D20A3F7C00D}.Debug|Any CPU.Build.0 = Debug|Any CPU
		{7FF781D9-0317-48AC-B56C-7D20A3F7C00D}.Release|Any CPU.ActiveCfg = Release|Any CPU
		{7FF781D9-0317-48AC-B56C-7D20A3F7C00D}.Release|Any CPU.Build.0 = Release|Any CPU
		{FA24CD18-7BCF-43EB-83EA-C93D99D1B1F1}.Debug|Any CPU.ActiveCfg = Debug|Any CPU
		{FA24CD18-7BCF-43EB-83EA-C93D99D1B1F1}.Debug|Any CPU.Build.0 = Debug|Any CPU
		{FA24CD18-7BCF-43EB-83EA-C93D99D1B1F1}.Release|Any CPU.ActiveCfg = Release|Any CPU
		{FA24CD18-7BCF-43EB-83EA-C93D99D1B1F1}.Release|Any CPU.Build.0 = Release|Any CPU
		{F419398B-D61E-4973-9267-8F3ED61AF962}.Debug|Any CPU.ActiveCfg = Debug|Any CPU
		{F419398B-D61E-4973-9267-8F3ED61AF962}.Debug|Any CPU.Build.0 = Debug|Any CPU
		{F419398B-D61E-4973-9267-8F3ED61AF962}.Release|Any CPU.ActiveCfg = Release|Any CPU
		{F419398B-D61E-4973-9267-8F3ED61AF962}.Release|Any CPU.Build.0 = Release|Any CPU
		{3433AA74-AA1C-486B-9F2A-486F32F42B9F}.Debug|Any CPU.ActiveCfg = Debug|Any CPU
		{3433AA74-AA1C-486B-9F2A-486F32F42B9F}.Debug|Any CPU.Build.0 = Debug|Any CPU
		{3433AA74-AA1C-486B-9F2A-486F32F42B9F}.Release|Any CPU.ActiveCfg = Release|Any CPU
		{3433AA74-AA1C-486B-9F2A-486F32F42B9F}.Release|Any CPU.Build.0 = Release|Any CPU
		{462FBD0B-D465-4DA7-9F15-AC8380F53391}.Debug|Any CPU.ActiveCfg = Debug|Any CPU
		{462FBD0B-D465-4DA7-9F15-AC8380F53391}.Debug|Any CPU.Build.0 = Debug|Any CPU
		{462FBD0B-D465-4DA7-9F15-AC8380F53391}.Release|Any CPU.ActiveCfg = Release|Any CPU
		{462FBD0B-D465-4DA7-9F15-AC8380F53391}.Release|Any CPU.Build.0 = Release|Any CPU
		{1E5781D6-484C-4C20-911B-0E575378920B}.Debug|Any CPU.ActiveCfg = Debug|Any CPU
		{1E5781D6-484C-4C20-911B-0E575378920B}.Debug|Any CPU.Build.0 = Debug|Any CPU
		{1E5781D6-484C-4C20-911B-0E575378920B}.Release|Any CPU.ActiveCfg = Release|Any CPU
		{1E5781D6-484C-4C20-911B-0E575378920B}.Release|Any CPU.Build.0 = Release|Any CPU
		{3C93D951-9F2E-4200-B27F-CB640D7EF352}.Debug|Any CPU.ActiveCfg = Debug|Any CPU
		{3C93D951-9F2E-4200-B27F-CB640D7EF352}.Debug|Any CPU.Build.0 = Debug|Any CPU
		{3C93D951-9F2E-4200-B27F-CB640D7EF352}.Release|Any CPU.ActiveCfg = Release|Any CPU
		{3C93D951-9F2E-4200-B27F-CB640D7EF352}.Release|Any CPU.Build.0 = Release|Any CPU
		{A7B6549B-3531-4ACE-9C55-447B691E1264}.Debug|Any CPU.ActiveCfg = Debug|Any CPU
		{A7B6549B-3531-4ACE-9C55-447B691E1264}.Debug|Any CPU.Build.0 = Debug|Any CPU
		{A7B6549B-3531-4ACE-9C55-447B691E1264}.Release|Any CPU.ActiveCfg = Release|Any CPU
		{A7B6549B-3531-4ACE-9C55-447B691E1264}.Release|Any CPU.Build.0 = Release|Any CPU
		{7C2C824B-13B4-472B-81A1-6ACB0D0E0590}.Debug|Any CPU.ActiveCfg = Debug|Any CPU
		{7C2C824B-13B4-472B-81A1-6ACB0D0E0590}.Debug|Any CPU.Build.0 = Debug|Any CPU
		{7C2C824B-13B4-472B-81A1-6ACB0D0E0590}.Release|Any CPU.ActiveCfg = Release|Any CPU
		{7C2C824B-13B4-472B-81A1-6ACB0D0E0590}.Release|Any CPU.Build.0 = Release|Any CPU
		{7A1A5D0C-4487-4A28-B40B-7DE4994AECD8}.Debug|Any CPU.ActiveCfg = Debug|Any CPU
		{7A1A5D0C-4487-4A28-B40B-7DE4994AECD8}.Debug|Any CPU.Build.0 = Debug|Any CPU
		{7A1A5D0C-4487-4A28-B40B-7DE4994AECD8}.Release|Any CPU.ActiveCfg = Release|Any CPU
		{7A1A5D0C-4487-4A28-B40B-7DE4994AECD8}.Release|Any CPU.Build.0 = Release|Any CPU
		{448EEC18-0C30-4C5E-97DD-133FD4E434E0}.Debug|Any CPU.ActiveCfg = Debug|Any CPU
		{448EEC18-0C30-4C5E-97DD-133FD4E434E0}.Debug|Any CPU.Build.0 = Debug|Any CPU
		{448EEC18-0C30-4C5E-97DD-133FD4E434E0}.Release|Any CPU.ActiveCfg = Release|Any CPU
		{448EEC18-0C30-4C5E-97DD-133FD4E434E0}.Release|Any CPU.Build.0 = Release|Any CPU
		{86799A82-3103-4303-9003-E1CC48EBDEB4}.Debug|Any CPU.ActiveCfg = Debug|Any CPU
		{86799A82-3103-4303-9003-E1CC48EBDEB4}.Debug|Any CPU.Build.0 = Debug|Any CPU
		{86799A82-3103-4303-9003-E1CC48EBDEB4}.Release|Any CPU.ActiveCfg = Release|Any CPU
		{86799A82-3103-4303-9003-E1CC48EBDEB4}.Release|Any CPU.Build.0 = Release|Any CPU
		{8A29D755-8605-460C-B21C-B18BB9EF69A0}.Debug|Any CPU.ActiveCfg = Debug|Any CPU
		{8A29D755-8605-460C-B21C-B18BB9EF69A0}.Debug|Any CPU.Build.0 = Debug|Any CPU
		{8A29D755-8605-460C-B21C-B18BB9EF69A0}.Release|Any CPU.ActiveCfg = Release|Any CPU
		{8A29D755-8605-460C-B21C-B18BB9EF69A0}.Release|Any CPU.Build.0 = Release|Any CPU
		{807A6B5A-BA2C-4023-A9BC-3A4E4F744A3B}.Debug|Any CPU.ActiveCfg = Debug|Any CPU
		{807A6B5A-BA2C-4023-A9BC-3A4E4F744A3B}.Debug|Any CPU.Build.0 = Debug|Any CPU
		{807A6B5A-BA2C-4023-A9BC-3A4E4F744A3B}.Release|Any CPU.ActiveCfg = Release|Any CPU
		{807A6B5A-BA2C-4023-A9BC-3A4E4F744A3B}.Release|Any CPU.Build.0 = Release|Any CPU
		{BAF78746-3EE9-4EE3-A0F9-0E03058B2583}.Debug|Any CPU.ActiveCfg = Debug|Any CPU
		{BAF78746-3EE9-4EE3-A0F9-0E03058B2583}.Debug|Any CPU.Build.0 = Debug|Any CPU
		{BAF78746-3EE9-4EE3-A0F9-0E03058B2583}.Release|Any CPU.ActiveCfg = Release|Any CPU
		{BAF78746-3EE9-4EE3-A0F9-0E03058B2583}.Release|Any CPU.Build.0 = Release|Any CPU
		{B5BA5599-1FF1-41AD-891B-93C9FAC5D31E}.Debug|Any CPU.ActiveCfg = Debug|Any CPU
		{B5BA5599-1FF1-41AD-891B-93C9FAC5D31E}.Debug|Any CPU.Build.0 = Debug|Any CPU
		{B5BA5599-1FF1-41AD-891B-93C9FAC5D31E}.Release|Any CPU.ActiveCfg = Release|Any CPU
		{B5BA5599-1FF1-41AD-891B-93C9FAC5D31E}.Release|Any CPU.Build.0 = Release|Any CPU
		{D66020B7-D5F7-4F63-8A09-C56FCAFCB18A}.Debug|Any CPU.ActiveCfg = Debug|Any CPU
		{D66020B7-D5F7-4F63-8A09-C56FCAFCB18A}.Debug|Any CPU.Build.0 = Debug|Any CPU
		{D66020B7-D5F7-4F63-8A09-C56FCAFCB18A}.Release|Any CPU.ActiveCfg = Release|Any CPU
		{D66020B7-D5F7-4F63-8A09-C56FCAFCB18A}.Release|Any CPU.Build.0 = Release|Any CPU
		{FA5C8B0E-83BE-47B0-9B03-07F11232320F}.Debug|Any CPU.ActiveCfg = Debug|Any CPU
		{FA5C8B0E-83BE-47B0-9B03-07F11232320F}.Debug|Any CPU.Build.0 = Debug|Any CPU
		{FA5C8B0E-83BE-47B0-9B03-07F11232320F}.Release|Any CPU.ActiveCfg = Release|Any CPU
		{FA5C8B0E-83BE-47B0-9B03-07F11232320F}.Release|Any CPU.Build.0 = Release|Any CPU
		{537545F8-4DB6-4926-8E6B-9686FFFBFA09}.Debug|Any CPU.ActiveCfg = Debug|Any CPU
		{537545F8-4DB6-4926-8E6B-9686FFFBFA09}.Debug|Any CPU.Build.0 = Debug|Any CPU
		{537545F8-4DB6-4926-8E6B-9686FFFBFA09}.Release|Any CPU.ActiveCfg = Release|Any CPU
		{537545F8-4DB6-4926-8E6B-9686FFFBFA09}.Release|Any CPU.Build.0 = Release|Any CPU
	EndGlobalSection
	GlobalSection(SolutionProperties) = preSolution
		HideSolutionNode = FALSE
	EndGlobalSection
	GlobalSection(NestedProjects) = preSolution
		{03619E50-91AF-49BE-8AC9-5F2D1BB41020} = {E2CCA88F-FE1A-4E00-986D-DD3DDD78E55D}
		{578CD92C-0949-4883-A364-A1D5485EF983} = {E2CCA88F-FE1A-4E00-986D-DD3DDD78E55D}
		{8FC3D3C1-0A46-4DAF-8A07-FAF49E0EF123} = {E2CCA88F-FE1A-4E00-986D-DD3DDD78E55D}
		{7FF781D9-0317-48AC-B56C-7D20A3F7C00D} = {E2CCA88F-FE1A-4E00-986D-DD3DDD78E55D}
		{FA24CD18-7BCF-43EB-83EA-C93D99D1B1F1} = {E2CCA88F-FE1A-4E00-986D-DD3DDD78E55D}
		{F419398B-D61E-4973-9267-8F3ED61AF962} = {E2CCA88F-FE1A-4E00-986D-DD3DDD78E55D}
		{3433AA74-AA1C-486B-9F2A-486F32F42B9F} = {E2CCA88F-FE1A-4E00-986D-DD3DDD78E55D}
		{462FBD0B-D465-4DA7-9F15-AC8380F53391} = {EA372452-3E11-46A1-B0AA-FDFD268E4A12}
		{1E5781D6-484C-4C20-911B-0E575378920B} = {EA372452-3E11-46A1-B0AA-FDFD268E4A12}
		{3C93D951-9F2E-4200-B27F-CB640D7EF352} = {EA372452-3E11-46A1-B0AA-FDFD268E4A12}
		{A7B6549B-3531-4ACE-9C55-447B691E1264} = {56A341E2-13F8-462E-8FC3-D2C66212291F}
		{7C2C824B-13B4-472B-81A1-6ACB0D0E0590} = {56A341E2-13F8-462E-8FC3-D2C66212291F}
		{7A1A5D0C-4487-4A28-B40B-7DE4994AECD8} = {56A341E2-13F8-462E-8FC3-D2C66212291F}
		{448EEC18-0C30-4C5E-97DD-133FD4E434E0} = {56A341E2-13F8-462E-8FC3-D2C66212291F}
		{86799A82-3103-4303-9003-E1CC48EBDEB4} = {C8A5F521-307E-46E6-88B0-C5186B174464}
		{8A29D755-8605-460C-B21C-B18BB9EF69A0} = {C8A5F521-307E-46E6-88B0-C5186B174464}
		{807A6B5A-BA2C-4023-A9BC-3A4E4F744A3B} = {C8A5F521-307E-46E6-88B0-C5186B174464}
		{BAF78746-3EE9-4EE3-A0F9-0E03058B2583} = {190C83DA-6467-4C7A-81C7-8AE9F6C7C1FB}
		{B5BA5599-1FF1-41AD-891B-93C9FAC5D31E} = {190C83DA-6467-4C7A-81C7-8AE9F6C7C1FB}
		{D66020B7-D5F7-4F63-8A09-C56FCAFCB18A} = {190C83DA-6467-4C7A-81C7-8AE9F6C7C1FB}
		{FA5C8B0E-83BE-47B0-9B03-07F11232320F} = {190C83DA-6467-4C7A-81C7-8AE9F6C7C1FB}
		{537545F8-4DB6-4926-8E6B-9686FFFBFA09} = {196032A6-9E62-4B46-9B9A-7B58D9DC2302}
	EndGlobalSection
	GlobalSection(ExtensibilityGlobals) = postSolution
		SolutionGuid = {E1CB559B-632C-4844-BBAC-9F9318B2B498}
	EndGlobalSection
EndGlobal
